
Microsoft Visual Studio Solution File, Format Version 12.00
# Visual Studio 15
VisualStudioVersion = 15.0.27703.2000
MinimumVisualStudioVersion = 10.0.40219.1
Project("{FAE04EC0-301F-11D3-BF4B-00C04F79EFBC}") = "ArrayListMainProblem", "ArrayListMainProblem\ArrayListMainProblem.csproj", "{E3178984-9AEF-439A-AF10-2270369C1ADB}"
EndProject
Global
	GlobalSection(SolutionConfigurationPlatforms) = preSolution
		Debug|Any CPU = Debug|Any CPU
		Release|Any CPU = Release|Any CPU
	EndGlobalSection
	GlobalSection(ProjectConfigurationPlatforms) = postSolution
		{E3178984-9AEF-439A-AF10-2270369C1ADB}.Debug|Any CPU.ActiveCfg = Debug|Any CPU
		{E3178984-9AEF-439A-AF10-2270369C1ADB}.Debug|Any CPU.Build.0 = Debug|Any CPU
		{E3178984-9AEF-439A-AF10-2270369C1ADB}.Release|Any CPU.ActiveCfg = Release|Any CPU
		{E3178984-9AEF-439A-AF10-2270369C1ADB}.Release|Any CPU.Build.0 = Release|Any CPU
	EndGlobalSection
	GlobalSection(SolutionProperties) = preSolution
		HideSolutionNode = FALSE
	EndGlobalSection
	GlobalSection(ExtensibilityGlobals) = postSolution
		SolutionGuid = {698DF0C0-91E4-4F50-BD1D-D045B04171F1}
	EndGlobalSection
EndGlobal
