
Microsoft Visual Studio Solution File, Format Version 12.00
# Visual Studio 15
VisualStudioVersion = 15.0.27703.2000
MinimumVisualStudioVersion = 10.0.40219.1
Project("{FAE04EC0-301F-11D3-BF4B-00C04F79EFBC}") = "ArrayListStudy", "ArrayListStudy\ArrayListStudy.csproj", "{F3908F6C-215B-4A48-B905-96B89858F01E}"
EndProject
Global
	GlobalSection(SolutionConfigurationPlatforms) = preSolution
		Debug|Any CPU = Debug|Any CPU
		Release|Any CPU = Release|Any CPU
	EndGlobalSection
	GlobalSection(ProjectConfigurationPlatforms) = postSolution
		{F3908F6C-215B-4A48-B905-96B89858F01E}.Debug|Any CPU.ActiveCfg = Debug|Any CPU
		{F3908F6C-215B-4A48-B905-96B89858F01E}.Debug|Any CPU.Build.0 = Debug|Any CPU
		{F3908F6C-215B-4A48-B905-96B89858F01E}.Release|Any CPU.ActiveCfg = Release|Any CPU
		{F3908F6C-215B-4A48-B905-96B89858F01E}.Release|Any CPU.Build.0 = Release|Any CPU
	EndGlobalSection
	GlobalSection(SolutionProperties) = preSolution
		HideSolutionNode = FALSE
	EndGlobalSection
	GlobalSection(ExtensibilityGlobals) = postSolution
		SolutionGuid = {BEDBD516-1A32-45E7-8020-B22792CC6BCA}
	EndGlobalSection
EndGlobal
