
Microsoft Visual Studio Solution File, Format Version 12.00
# Visual Studio 2013
VisualStudioVersion = 12.0.21005.1
MinimumVisualStudioVersion = 10.0.40219.1
Project("{FAE04EC0-301F-11D3-BF4B-00C04F79EFBC}") = "静态成员", "静态成员\静态成员.csproj", "{DB2529CE-A64D-46EE-A6EC-3C227D6ADA04}"
EndProject
Project("{FAE04EC0-301F-11D3-BF4B-00C04F79EFBC}") = "静态类", "静态类\静态类.csproj", "{FF2C0CFB-F83B-46CD-8897-301A399AE8D7}"
EndProject
Global
	GlobalSection(SolutionConfigurationPlatforms) = preSolution
		Debug|Any CPU = Debug|Any CPU
		Release|Any CPU = Release|Any CPU
	EndGlobalSection
	GlobalSection(ProjectConfigurationPlatforms) = postSolution
		{DB2529CE-A64D-46EE-A6EC-3C227D6ADA04}.Debug|Any CPU.ActiveCfg = Debug|Any CPU
		{DB2529CE-A64D-46EE-A6EC-3C227D6ADA04}.Debug|Any CPU.Build.0 = Debug|Any CPU
		{DB2529CE-A64D-46EE-A6EC-3C227D6ADA04}.Release|Any CPU.ActiveCfg = Release|Any CPU
		{DB2529CE-A64D-46EE-A6EC-3C227D6ADA04}.Release|Any CPU.Build.0 = Release|Any CPU
		{FF2C0CFB-F83B-46CD-8897-301A399AE8D7}.Debug|Any CPU.ActiveCfg = Debug|Any CPU
		{FF2C0CFB-F83B-46CD-8897-301A399AE8D7}.Debug|Any CPU.Build.0 = Debug|Any CPU
		{FF2C0CFB-F83B-46CD-8897-301A399AE8D7}.Release|Any CPU.ActiveCfg = Release|Any CPU
		{FF2C0CFB-F83B-46CD-8897-301A399AE8D7}.Release|Any CPU.Build.0 = Release|Any CPU
	EndGlobalSection
	GlobalSection(SolutionProperties) = preSolution
		HideSolutionNode = FALSE
	EndGlobalSection
EndGlobal
